
Microsoft Visual Studio Solution File, Format Version 12.00
# Visual Studio Version 17
VisualStudioVersion = 17.7.34018.315
MinimumVisualStudioVersion = 10.0.40219.1
Project("{9A19103F-16F7-4668-BE54-9A1E7A4F7556}") = "Parcial", "Parcial\Parcial.csproj", "{6936B35E-C3D7-4D8E-9503-47F6A3E2CBE0}"
EndProject
Project("{9A19103F-16F7-4668-BE54-9A1E7A4F7556}") = "Fabrica", "Trabajador\Fabrica.csproj", "{E4702E83-7F55-4194-968D-2026CE13DDF2}"
EndProject
Project("{FAE04EC0-301F-11D3-BF4B-00C04F79EFBC}") = "Test", "Test\Test.csproj", "{383C244B-F785-43AB-A5FB-B3DD3CD39C29}"
EndProject
Global
	GlobalSection(SolutionConfigurationPlatforms) = preSolution
		Debug|Any CPU = Debug|Any CPU
		Release|Any CPU = Release|Any CPU
	EndGlobalSection
	GlobalSection(ProjectConfigurationPlatforms) = postSolution
		{6936B35E-C3D7-4D8E-9503-47F6A3E2CBE0}.Debug|Any CPU.ActiveCfg = Debug|Any CPU
		{6936B35E-C3D7-4D8E-9503-47F6A3E2CBE0}.Debug|Any CPU.Build.0 = Debug|Any CPU
		{6936B35E-C3D7-4D8E-9503-47F6A3E2CBE0}.Release|Any CPU.ActiveCfg = Release|Any CPU
		{6936B35E-C3D7-4D8E-9503-47F6A3E2CBE0}.Release|Any CPU.Build.0 = Release|Any CPU
		{E4702E83-7F55-4194-968D-2026CE13DDF2}.Debug|Any CPU.ActiveCfg = Debug|Any CPU
		{E4702E83-7F55-4194-968D-2026CE13DDF2}.Debug|Any CPU.Build.0 = Debug|Any CPU
		{E4702E83-7F55-4194-968D-2026CE13DDF2}.Release|Any CPU.ActiveCfg = Release|Any CPU
		{E4702E83-7F55-4194-968D-2026CE13DDF2}.Release|Any CPU.Build.0 = Release|Any CPU
		{383C244B-F785-43AB-A5FB-B3DD3CD39C29}.Debug|Any CPU.ActiveCfg = Debug|Any CPU
		{383C244B-F785-43AB-A5FB-B3DD3CD39C29}.Debug|Any CPU.Build.0 = Debug|Any CPU
		{383C244B-F785-43AB-A5FB-B3DD3CD39C29}.Release|Any CPU.ActiveCfg = Release|Any CPU
		{383C244B-F785-43AB-A5FB-B3DD3CD39C29}.Release|Any CPU.Build.0 = Release|Any CPU
	EndGlobalSection
	GlobalSection(SolutionProperties) = preSolution
		HideSolutionNode = FALSE
	EndGlobalSection
	GlobalSection(ExtensibilityGlobals) = postSolution
		SolutionGuid = {48E85DD4-51FA-41BE-A126-EB41F3EE2378}
	EndGlobalSection
EndGlobal
